<Solution>
  <Folder Name="/Task0/">
    <Project Path="Tyuiu.MukhamatullinRT.Sprint0.Task0.V0/Tyuiu.MukhamatullinRT.Sprint0.Task0.V0.csproj" Id="48b3cbdb-7466-4f12-9df2-fb25205599da" />
  </Folder>
  <Folder Name="/Task1/">
    <Project Path="Tyuiu.MukhamatullinRT.Sprint0.Task1.V0/Tyuiu.MukhamatullinRT.Sprint0.Task1.V0.csproj" Id="e40ce2c6-d2f4-48a7-b6cd-13636d5ffde0" />
  </Folder>
  <Folder Name="/Task2/">
    <Project Path="Tyuiu.MukhamatullinRT.Sprint0.Task2.V0.Lib/Tyuiu.MukhamatullinRT.Sprint0.Task2.V0.Lib.csproj" Id="0b2ab701-cd2a-4e6a-ae6c-10f4f1a5d9ad" />
    <Project Path="Tyuiu.MukhamatullinRT.Sprint0.Task2.V0.Test/Tyuiu.MukhamatullinRT.Sprint0.Task2.V0.Test.csproj" Id="66136491-c161-4671-afbb-a22fcd46b5a3" />
    <Project Path="Tyuiu.MukhamatullinRT.Sprint0.Task2.V0/Tyuiu.MukhamatullinRT.Sprint0.Task2.V0.csproj" Id="8d4ea0a0-a663-4229-a0cd-6cc6fe4a45bb" />
  </Folder>
  <Folder Name="/Task3/">
    <Project Path="Tyuiu.MukhamatullinRT.Sprint0.Task3.V0.Lib/Tyuiu.MukhamatullinRT.Sprint0.Task3.V0.Lib.csproj" Id="df4ea09a-70a9-426a-8f49-9c7401f6fe1a" />
    <Project Path="Tyuiu.MukhamatullinRT.Sprint0.Task3.V0.Test/Tyuiu.MukhamatullinRT.Sprint0.Task3.V0.Test.csproj" Id="dc098f41-3046-45f6-bd2e-c2199d37af7d" />
    <Project Path="Tyuiu.MukhamatullinRT.Sprint0.Task3.V0/Tyuiu.MukhamatullinRT.Sprint0.Task3.V0.csproj" Id="c55073b5-001b-4168-aa7c-61bf5dbe2c17" />
  </Folder>
  <Folder Name="/Task4/">
    <Project Path="Tyuiu.MukhamatullinRT.Sprint0.Task4.V0.Lib/Tyuiu.MukhamatullinRT.Sprint0.Task4.V0.Lib.csproj" Id="d2d0fb25-d9c1-4309-b1a5-fe2cb9172f36" />
    <Project Path="Tyuiu.MukhamatullinRT.Sprint0.Task4.V0.Test/Tyuiu.MukhamatullinRT.Sprint0.Task4.V0.Test.csproj" Id="7545649b-0a22-42b8-9c72-1d405aa6eaf3" />
    <Project Path="Tyuiu.MukhamatullinRT.Sprint0.Task4.V0/Tyuiu.MukhamatullinRT.Sprint0.Task4.V0.csproj" Id="ac589fd6-1ec6-4e5b-a839-00e4489b9e8e" />
  </Folder>
</Solution>
